
Microsoft Visual Studio Solution File, Format Version 12.00
# Visual Studio Version 17
VisualStudioVersion = 17.0.31903.59
MinimumVisualStudioVersion = 10.0.40219.1
Project("{FAE04EC0-301F-11D3-BF4B-00C04F79EFBC}") = "GDTask", "GDTask\GDTask.csproj", "{3A8E50C1-6413-4778-BC54-22A610CD1B3B}"
EndProject
Project("{FAE04EC0-301F-11D3-BF4B-00C04F79EFBC}") = "GDTask.Tests", "GDTask.Tests\GDTask.Tests.csproj", "{F55A976A-61E3-412C-B62C-011BCD6A06AD}"
EndProject
Global
	GlobalSection(SolutionConfigurationPlatforms) = preSolution
		Debug|Any CPU = Debug|Any CPU
		Release|Any CPU = Release|Any CPU
	EndGlobalSection
	GlobalSection(SolutionProperties) = preSolution
		HideSolutionNode = FALSE
	EndGlobalSection
	GlobalSection(ProjectConfigurationPlatforms) = postSolution
		{3A8E50C1-6413-4778-BC54-22A610CD1B3B}.Debug|Any CPU.ActiveCfg = Debug|Any CPU
		{3A8E50C1-6413-4778-BC54-22A610CD1B3B}.Debug|Any CPU.Build.0 = Debug|Any CPU
		{3A8E50C1-6413-4778-BC54-22A610CD1B3B}.Release|Any CPU.ActiveCfg = Release|Any CPU
		{3A8E50C1-6413-4778-BC54-22A610CD1B3B}.Release|Any CPU.Build.0 = Release|Any CPU
		{F55A976A-61E3-412C-B62C-011BCD6A06AD}.Debug|Any CPU.ActiveCfg = Debug|Any CPU
		{F55A976A-61E3-412C-B62C-011BCD6A06AD}.Debug|Any CPU.Build.0 = Debug|Any CPU
		{F55A976A-61E3-412C-B62C-011BCD6A06AD}.Release|Any CPU.ActiveCfg = Debug|Any CPU
		{F55A976A-61E3-412C-B62C-011BCD6A06AD}.Release|Any CPU.Build.0 = Debug|Any CPU
	EndGlobalSection
EndGlobal
