Microsoft Visual Studio Solution File, Format Version 12.00
# Visual Studio 2012
Project("{FAE04EC0-301F-11D3-BF4B-00C04F79EFBC}") = "GDTask.Tests", "GDTask.Tests.csproj", "{D263C231-C9C4-4634-AC95-47803AC6E9F7}"
EndProject
Project("{FAE04EC0-301F-11D3-BF4B-00C04F79EFBC}") = "GDTask", "..\GDTask\GDTask.csproj", "{487AA3CF-3A93-4F18-887A-2AF98B05B38C}"
EndProject
Global
	GlobalSection(SolutionConfigurationPlatforms) = preSolution
	Debug|Any CPU = Debug|Any CPU
	ExportDebug|Any CPU = ExportDebug|Any CPU
	ExportRelease|Any CPU = ExportRelease|Any CPU
	EndGlobalSection
	GlobalSection(ProjectConfigurationPlatforms) = postSolution
		{D263C231-C9C4-4634-AC95-47803AC6E9F7}.Debug|Any CPU.ActiveCfg = Debug|Any CPU
		{D263C231-C9C4-4634-AC95-47803AC6E9F7}.Debug|Any CPU.Build.0 = Debug|Any CPU
		{D263C231-C9C4-4634-AC95-47803AC6E9F7}.ExportDebug|Any CPU.ActiveCfg = ExportDebug|Any CPU
		{D263C231-C9C4-4634-AC95-47803AC6E9F7}.ExportDebug|Any CPU.Build.0 = ExportDebug|Any CPU
		{D263C231-C9C4-4634-AC95-47803AC6E9F7}.ExportRelease|Any CPU.ActiveCfg = ExportRelease|Any CPU
		{D263C231-C9C4-4634-AC95-47803AC6E9F7}.ExportRelease|Any CPU.Build.0 = ExportRelease|Any CPU
		{487AA3CF-3A93-4F18-887A-2AF98B05B38C}.Debug|Any CPU.ActiveCfg = Debug|Any CPU
		{487AA3CF-3A93-4F18-887A-2AF98B05B38C}.Debug|Any CPU.Build.0 = Debug|Any CPU
		{487AA3CF-3A93-4F18-887A-2AF98B05B38C}.ExportDebug|Any CPU.ActiveCfg = Debug|Any CPU
		{487AA3CF-3A93-4F18-887A-2AF98B05B38C}.ExportDebug|Any CPU.Build.0 = Debug|Any CPU
		{487AA3CF-3A93-4F18-887A-2AF98B05B38C}.ExportRelease|Any CPU.ActiveCfg = Debug|Any CPU
		{487AA3CF-3A93-4F18-887A-2AF98B05B38C}.ExportRelease|Any CPU.Build.0 = Debug|Any CPU
	EndGlobalSection
EndGlobal
